<?xml version="1.0" encoding="utf-8"?>
<Project ToolsVersion="4.0" xmlns="http://schemas.microsoft.com/developer/msbuild/2003">
  <ItemGroup>
    <Filter Include="Resource Files">
      <UniqueIdentifier>{67DA6AB6-F800-4c08-8B7A-83BB121AAD01}</UniqueIdentifier>
      <Extensions>rc;ico;cur;bmp;dlg;rc2;rct;bin;rgs;gif;jpg;jpeg;jpe;resx;tiff;tif;png;wav;mfcribbon-ms</Extensions>
    </Filter>
    <Filter Include="Engine">
      <UniqueIdentifier>{c7ec3f80-2edf-420a-b1c0-6861cb492db5}</UniqueIdentifier>
    </Filter>
    <Filter Include="Utils">
      <UniqueIdentifier>{693c80df-c930-4244-8475-2c634f29a756}</UniqueIdentifier>
    </Filter>
    <Filter Include="Managers">
      <UniqueIdentifier>{7a2545dd-9667-4961-a3e1-57020d078d23}</UniqueIdentifier>
    </Filter>
    <Filter Include="Globals">
      <UniqueIdentifier>{e0f21d4c-30a1-4a06-8ca6-396a6d8d23b6}</UniqueIdentifier>
    </Filter>
    <Filter Include="Wrappers">
      <UniqueIdentifier>{7203b258-9200-4f76-8288-a8ecb09a1903}</UniqueIdentifier>
    </Filter>
    <Filter Include="LClasses">
      <UniqueIdentifier>{241dc383-34da-4b02-91f8-e2b0fd1139b1}</UniqueIdentifier>
    </Filter>
    <Filter Include="Callbacks">
      <UniqueIdentifier>{eadae165-73e9-4638-aad2-cbc0cc333498}</UniqueIdentifier>
    </Filter>
    <Filter Include="LClasses\Menus">
      <UniqueIdentifier>{d3eef868-ddea-450b-bef6-a30a4dbd8e31}</UniqueIdentifier>
    </Filter>
    <Filter Include="Classes">
      <UniqueIdentifier>{3faa6449-6600-4727-929e-73119f4fac58}</UniqueIdentifier>
    </Filter>
    <Filter Include="Definitions">
      <UniqueIdentifier>{ea39dbc1-f01e-466b-8efe-b07d17dba7dd}</UniqueIdentifier>
    </Filter>
    <Filter Include="LClasses\Components">
      <UniqueIdentifier>{bd7ed74d-333f-4897-8a9b-e338395bbf37}</UniqueIdentifier>
    </Filter>
  </ItemGroup>
  <ItemGroup>
    <ClCompile Include="main.cpp" />
    <ClCompile Include="LilacEngine.cpp">
      <Filter>Engine</Filter>
    </ClCompile>
    <ClCompile Include="Utils.cpp">
      <Filter>Utils</Filter>
    </ClCompile>
    <ClCompile Include="ResourcesManager.cpp">
      <Filter>Managers</Filter>
    </ClCompile>
    <ClCompile Include="Globals.cpp">
      <Filter>Globals</Filter>
    </ClCompile>
    <ClCompile Include="LTexture.cpp">
      <Filter>Wrappers</Filter>
    </ClCompile>
    <ClCompile Include="LClass.cpp">
      <Filter>Wrappers</Filter>
    </ClCompile>
    <ClCompile Include="LButton.cpp">
      <Filter>Wrappers</Filter>
    </ClCompile>
    <ClCompile Include="LTimer.cpp">
      <Filter>Wrappers</Filter>
    </ClCompile>
    <ClCompile Include="UIManager.cpp">
      <Filter>Managers</Filter>
    </ClCompile>
    <ClCompile Include="ButtonCallbacks.cpp">
      <Filter>Callbacks</Filter>
    </ClCompile>
    <ClCompile Include="GameIntro.cpp">
      <Filter>LClasses\Menus</Filter>
    </ClCompile>
    <ClCompile Include="MainMenu.cpp">
      <Filter>LClasses\Menus</Filter>
    </ClCompile>
    <ClCompile Include="MusicManager.cpp">
      <Filter>Managers</Filter>
    </ClCompile>
    <ClCompile Include="OverlayManager.cpp">
      <Filter>Managers</Filter>
    </ClCompile>
    <ClCompile Include="World.cpp">
      <Filter>Classes</Filter>
    </ClCompile>
    <ClCompile Include="Unit.cpp">
      <Filter>Classes</Filter>
    </ClCompile>
    <ClCompile Include="SFXManager.cpp">
      <Filter>Managers</Filter>
    </ClCompile>
    <ClCompile Include="UnitDefinitions.cpp">
      <Filter>Definitions</Filter>
    </ClCompile>
    <ClCompile Include="UnitCardComponent.cpp">
      <Filter>LClasses\Components</Filter>
    </ClCompile>
    <ClCompile Include="SkillDefinitions.cpp">
      <Filter>Definitions</Filter>
    </ClCompile>
    <ClCompile Include="TimerManager.cpp">
      <Filter>Managers</Filter>
    </ClCompile>
    <ClCompile Include="TimerCallbacks.cpp">
      <Filter>Callbacks</Filter>
    </ClCompile>
  </ItemGroup>
  <ItemGroup>
    <ClInclude Include="resource.h" />
    <ClInclude Include="LilacEngine.h">
      <Filter>Engine</Filter>
    </ClInclude>
    <ClInclude Include="Utils.h">
      <Filter>Utils</Filter>
    </ClInclude>
    <ClInclude Include="ResourcesManager.h">
      <Filter>Managers</Filter>
    </ClInclude>
    <ClInclude Include="Globals.h">
      <Filter>Globals</Filter>
    </ClInclude>
    <ClInclude Include="Vector2.h">
      <Filter>Utils</Filter>
    </ClInclude>
    <ClInclude Include="LTexture.h">
      <Filter>Wrappers</Filter>
    </ClInclude>
    <ClInclude Include="LClass.h">
      <Filter>Wrappers</Filter>
    </ClInclude>
    <ClInclude Include="LButton.h">
      <Filter>Wrappers</Filter>
    </ClInclude>
    <ClInclude Include="LTimer.h">
      <Filter>Wrappers</Filter>
    </ClInclude>
    <ClInclude Include="UIManager.h">
      <Filter>Managers</Filter>
    </ClInclude>
    <ClInclude Include="ButtonCallbacks.h">
      <Filter>Callbacks</Filter>
    </ClInclude>
    <ClInclude Include="GameIntro.h">
      <Filter>LClasses\Menus</Filter>
    </ClInclude>
    <ClInclude Include="MainMenu.h">
      <Filter>LClasses\Menus</Filter>
    </ClInclude>
    <ClInclude Include="MusicManager.h">
      <Filter>Managers</Filter>
    </ClInclude>
    <ClInclude Include="OverlayManager.h">
      <Filter>Managers</Filter>
    </ClInclude>
    <ClInclude Include="World.h">
      <Filter>Classes</Filter>
    </ClInclude>
    <ClInclude Include="Unit.h">
      <Filter>Classes</Filter>
    </ClInclude>
    <ClInclude Include="SFXManager.h">
      <Filter>Managers</Filter>
    </ClInclude>
    <ClInclude Include="UnitDefinitions.h">
      <Filter>Definitions</Filter>
    </ClInclude>
    <ClInclude Include="UnitCardComponent.h">
      <Filter>LClasses\Components</Filter>
    </ClInclude>
    <ClInclude Include="SkillDefinitions.h">
      <Filter>Definitions</Filter>
    </ClInclude>
    <ClInclude Include="TimerManager.h">
      <Filter>Managers</Filter>
    </ClInclude>
    <ClInclude Include="TimerCallbacks.h">
      <Filter>Callbacks</Filter>
    </ClInclude>
  </ItemGroup>
  <ItemGroup>
    <ResourceCompile Include="100 Tangerine Juice.rc">
      <Filter>Resource Files</Filter>
    </ResourceCompile>
  </ItemGroup>
  <ItemGroup>
    <Image Include="..\..\..\..\Documents\Assets\game_icon_t_256.ico">
      <Filter>Resource Files</Filter>
    </Image>
  </ItemGroup>
</Project>